
Microsoft Visual Studio Solution File, Format Version 12.00
# Visual Studio Version 17
VisualStudioVersion = 17.6.33723.286
MinimumVisualStudioVersion = 10.0.40219.1
Project("{8BC9CEB8-8B4A-11D0-8D11-00A0C91BC942}") = "game saolei", "game saolei\game saolei.vcxproj", "{D98B70F2-2455-474E-84F6-64A12620BE21}"
EndProject
Global
	GlobalSection(SolutionConfigurationPlatforms) = preSolution
		Debug|x64 = Debug|x64
		Debug|x86 = Debug|x86
		Release|x64 = Release|x64
		Release|x86 = Release|x86
	EndGlobalSection
	GlobalSection(ProjectConfigurationPlatforms) = postSolution
		{D98B70F2-2455-474E-84F6-64A12620BE21}.Debug|x64.ActiveCfg = Debug|x64
		{D98B70F2-2455-474E-84F6-64A12620BE21}.Debug|x64.Build.0 = Debug|x64
		{D98B70F2-2455-474E-84F6-64A12620BE21}.Debug|x86.ActiveCfg = Debug|Win32
		{D98B70F2-2455-474E-84F6-64A12620BE21}.Debug|x86.Build.0 = Debug|Win32
		{D98B70F2-2455-474E-84F6-64A12620BE21}.Release|x64.ActiveCfg = Release|x64
		{D98B70F2-2455-474E-84F6-64A12620BE21}.Release|x64.Build.0 = Release|x64
		{D98B70F2-2455-474E-84F6-64A12620BE21}.Release|x86.ActiveCfg = Release|Win32
		{D98B70F2-2455-474E-84F6-64A12620BE21}.Release|x86.Build.0 = Release|Win32
	EndGlobalSection
	GlobalSection(SolutionProperties) = preSolution
		HideSolutionNode = FALSE
	EndGlobalSection
	GlobalSection(ExtensibilityGlobals) = postSolution
		SolutionGuid = {ED912050-398C-4C6D-B09A-D82998D9556D}
	EndGlobalSection
EndGlobal
