
Microsoft Visual Studio Solution File, Format Version 12.00
# Visual Studio Version 17
VisualStudioVersion = 17.6.33723.286
MinimumVisualStudioVersion = 10.0.40219.1
Project("{8BC9CEB8-8B4A-11D0-8D11-00A0C91BC942}") = "test6", "test6\test6.vcxproj", "{3EEEE156-2ADB-49AF-BC41-61AB06BC863B}"
EndProject
Global
	GlobalSection(SolutionConfigurationPlatforms) = preSolution
		Debug|x64 = Debug|x64
		Debug|x86 = Debug|x86
		Release|x64 = Release|x64
		Release|x86 = Release|x86
	EndGlobalSection
	GlobalSection(ProjectConfigurationPlatforms) = postSolution
		{3EEEE156-2ADB-49AF-BC41-61AB06BC863B}.Debug|x64.ActiveCfg = Debug|x64
		{3EEEE156-2ADB-49AF-BC41-61AB06BC863B}.Debug|x64.Build.0 = Debug|x64
		{3EEEE156-2ADB-49AF-BC41-61AB06BC863B}.Debug|x86.ActiveCfg = Debug|Win32
		{3EEEE156-2ADB-49AF-BC41-61AB06BC863B}.Debug|x86.Build.0 = Debug|Win32
		{3EEEE156-2ADB-49AF-BC41-61AB06BC863B}.Release|x64.ActiveCfg = Release|x64
		{3EEEE156-2ADB-49AF-BC41-61AB06BC863B}.Release|x64.Build.0 = Release|x64
		{3EEEE156-2ADB-49AF-BC41-61AB06BC863B}.Release|x86.ActiveCfg = Release|Win32
		{3EEEE156-2ADB-49AF-BC41-61AB06BC863B}.Release|x86.Build.0 = Release|Win32
	EndGlobalSection
	GlobalSection(SolutionProperties) = preSolution
		HideSolutionNode = FALSE
	EndGlobalSection
	GlobalSection(ExtensibilityGlobals) = postSolution
		SolutionGuid = {46D6DFEE-9A10-4CAA-A30F-65B28C460038}
	EndGlobalSection
EndGlobal
