
Microsoft Visual Studio Solution File, Format Version 12.00
# Visual Studio Version 17
VisualStudioVersion = 17.6.33723.286
MinimumVisualStudioVersion = 10.0.40219.1
Project("{8BC9CEB8-8B4A-11D0-8D11-00A0C91BC942}") = "Project91-100", "Project91-100\Project91-100.vcxproj", "{F35BCA52-BDBF-47B3-AEFE-49EA58CDF319}"
EndProject
Global
	GlobalSection(SolutionConfigurationPlatforms) = preSolution
		Debug|x64 = Debug|x64
		Debug|x86 = Debug|x86
		Release|x64 = Release|x64
		Release|x86 = Release|x86
	EndGlobalSection
	GlobalSection(ProjectConfigurationPlatforms) = postSolution
		{F35BCA52-BDBF-47B3-AEFE-49EA58CDF319}.Debug|x64.ActiveCfg = Debug|x64
		{F35BCA52-BDBF-47B3-AEFE-49EA58CDF319}.Debug|x64.Build.0 = Debug|x64
		{F35BCA52-BDBF-47B3-AEFE-49EA58CDF319}.Debug|x86.ActiveCfg = Debug|Win32
		{F35BCA52-BDBF-47B3-AEFE-49EA58CDF319}.Debug|x86.Build.0 = Debug|Win32
		{F35BCA52-BDBF-47B3-AEFE-49EA58CDF319}.Release|x64.ActiveCfg = Release|x64
		{F35BCA52-BDBF-47B3-AEFE-49EA58CDF319}.Release|x64.Build.0 = Release|x64
		{F35BCA52-BDBF-47B3-AEFE-49EA58CDF319}.Release|x86.ActiveCfg = Release|Win32
		{F35BCA52-BDBF-47B3-AEFE-49EA58CDF319}.Release|x86.Build.0 = Release|Win32
	EndGlobalSection
	GlobalSection(SolutionProperties) = preSolution
		HideSolutionNode = FALSE
	EndGlobalSection
	GlobalSection(ExtensibilityGlobals) = postSolution
		SolutionGuid = {7C94EF2B-80BB-4B12-8EE2-090A8D8240F1}
	EndGlobalSection
EndGlobal
